// !$*UTF8*$!
{
	archiveVersion = 1;
	classes = {
	};
	objectVersion = 46;
	objects = {

/* Begin PBXBuildFile section */
		169BED161D2520D500C5B24C /* main.cpp in Sources */ = {isa = PBXBuildFile; fileRef = 169BED151D2520D500C5B24C /* main.cpp */; };
		169BED1E1D2520F700C5B24C /* Solution.cpp in Sources */ = {isa = PBXBuildFile; fileRef = 169BED1C1D2520F700C5B24C /* Solution.cpp */; };
/* End PBXBuildFile section */

/* Begin PBXCopyFilesBuildPhase section */
		169BED101D2520D500C5B24C /* CopyFiles */ = {
			isa = PBXCopyFilesBuildPhase;
			buildActionMask = 2147483647;
			dstPath = /usr/share/man/man1/;
			dstSubfolderSpec = 0;
			files = (
			);
			runOnlyForDeploymentPostprocessing = 1;
		};
/* End PBXCopyFilesBuildPhase section */

/* Begin PBXFileReference section */
		169BED121D2520D500C5B24C /* 斐波那契数列 */ = {isa = PBXFileReference; explicitFileType = "compiled.mach-o.executable"; includeInIndex = 0; path = "斐波那契数列"; sourceTree = BUILT_PRODUCTS_DIR; };
		169BED151D2520D500C5B24C /* main.cpp */ = {isa = PBXFileReference; lastKnownFileType = sourcecode.cpp.cpp; path = main.cpp; sourceTree = "<group>"; };
		169BED1C1D2520F700C5B24C /* Solution.cpp */ = {isa = PBXFileReference; fileEncoding = 4; lastKnownFileType = sourcecode.cpp.cpp; path = Solution.cpp; sourceTree = "<group>"; };
		169BED1D1D2520F700C5B24C /* Solution.hpp */ = {isa = PBXFileReference; fileEncoding = 4; lastKnownFileType = sourcecode.cpp.h; path = Solution.hpp; sourceTree = "<group>"; };
/* End PBXFileReference section */

/* Begin PBXFrameworksBuildPhase section */
		169BED0F1D2520D500C5B24C /* Frameworks */ = {
			isa = PBXFrameworksBuildPhase;
			buildActionMask = 2147483647;
			files = (
			);
			runOnlyForDeploymentPostprocessing = 0;
		};
/* End PBXFrameworksBuildPhase section */

/* Begin PBXGroup section */
		169BED091D2520D500C5B24C = {
			isa = PBXGroup;
			children = (
				169BED141D2520D500C5B24C /* 斐波那契数列 */,
				169BED131D2520D500C5B24C /* Products */,
			);
			sourceTree = "<group>";
		};
		169BED131D2520D500C5B24C /* Products */ = {
			isa = PBXGroup;
			children = (
				169BED121D2520D500C5B24C /* 斐波那契数列 */,
			);
			name = Products;
			sourceTree = "<group>";
		};
		169BED141D2520D500C5B24C /* 斐波那契数列 */ = {
			isa = PBXGroup;
			children = (
				169BED151D2520D500C5B24C /* main.cpp */,
				169BED1C1D2520F700C5B24C /* Solution.cpp */,
				169BED1D1D2520F700C5B24C /* Solution.hpp */,
			);
			path = "斐波那契数列";
			sourceTree = "<group>";
		};
/* End PBXGroup section */

/* Begin PBXNativeTarget section */
		169BED111D2520D500C5B24C /* 斐波那契数列 */ = {
			isa = PBXNativeTarget;
			buildConfigurationList = 169BED191D2520D500C5B24C /* Build configuration list for PBXNativeTarget "斐波那契数列" */;
			buildPhases = (
				169BED0E1D2520D500C5B24C /* Sources */,
				169BED0F1D2520D500C5B24C /* Frameworks */,
				169BED101D2520D500C5B24C /* CopyFiles */,
			);
			buildRules = (
			);
			dependencies = (
			);
			name = "斐波那契数列";
			productName = "斐波那契数列";
			productReference = 169BED121D2520D500C5B24C /* 斐波那契数列 */;
			productType = "com.apple.product-type.tool";
		};
/* End PBXNativeTarget section */

/* Begin PBXProject section */
		169BED0A1D2520D500C5B24C /* Project object */ = {
			isa = PBXProject;
			attributes = {
				LastUpgradeCheck = 0730;
				ORGANIZATIONNAME = JacobLan;
				TargetAttributes = {
					169BED111D2520D500C5B24C = {
						CreatedOnToolsVersion = 7.3.1;
					};
				};
			};
			buildConfigurationList = 169BED0D1D2520D500C5B24C /* Build configuration list for PBXProject "斐波那契数列" */;
			compatibilityVersion = "Xcode 3.2";
			developmentRegion = English;
			hasScannedForEncodings = 0;
			knownRegions = (
				en,
			);
			mainGroup = 169BED091D2520D500C5B24C;
			productRefGroup = 169BED131D2520D500C5B24C /* Products */;
			projectDirPath = "";
			projectRoot = "";
			targets = (
				169BED111D2520D500C5B24C /* 斐波那契数列 */,
			);
		};
/* End PBXProject section */

/* Begin PBXSourcesBuildPhase section */
		169BED0E1D2520D500C5B24C /* Sources */ = {
			isa = PBXSourcesBuildPhase;
			buildActionMask = 2147483647;
			files = (
				169BED1E1D2520F700C5B24C /* Solution.cpp in Sources */,
				169BED161D2520D500C5B24C /* main.cpp in Sources */,
			);
			runOnlyForDeploymentPostprocessing = 0;
		};
/* End PBXSourcesBuildPhase section */

/* Begin XCBuildConfiguration section */
		169BED171D2520D500C5B24C /* Debug */ = {
			isa = XCBuildConfiguration;
			buildSettings = {
				ALWAYS_SEARCH_USER_PATHS = NO;
				CLANG_ANALYZER_NONNULL = YES;
				CLANG_CXX_LANGUAGE_STANDARD = "gnu++0x";
				CLANG_CXX_LIBRARY = "libc++";
				CLANG_ENABLE_MODULES = YES;
				CLANG_ENABLE_OBJC_ARC = YES;
				CLANG_WARN_BOOL_CONVERSION = YES;
				CLANG_WARN_CONSTANT_CONVERSION = YES;
				CLANG_WARN_DIRECT_OBJC_ISA_USAGE = YES_ERROR;
				CLANG_WARN_EMPTY_BODY = YES;
				CLANG_WARN_ENUM_CONVERSION = YES;
				CLANG_WARN_INT_CONVERSION = YES;
				CLANG_WARN_OBJC_ROOT_CLASS = YES_ERROR;
				CLANG_WARN_UNREACHABLE_CODE = YES;
				CLANG_WARN__DUPLICATE_METHOD_MATCH = YES;
				CODE_SIGN_IDENTITY = "-";
				COPY_PHASE_STRIP = NO;
				DEBUG_INFORMATION_FORMAT = dwarf;
				ENABLE_STRICT_OBJC_MSGSEND = YES;
				ENABLE_TESTABILITY = YES;
				GCC_C_LANGUAGE_STANDARD = gnu99;
				GCC_DYNAMIC_NO_PIC = NO;
				GCC_NO_COMMON_BLOCKS = YES;
				GCC_OPTIMIZATION_LEVEL = 0;
				GCC_PREPROCESSOR_DEFINITIONS = (
					"DEBUG=1",
					"$(inherited)",
				);
				GCC_WARN_64_TO_32_BIT_CONVERSION = YES;
				GCC_WARN_ABOUT_RETURN_TYPE = YES_ERROR;
				GCC_WARN_UNDECLARED_SELECTOR = YES;
				GCC_WARN_UNINITIALIZED_AUTOS = YES_AGGRESSIVE;
				GCC_WARN_UNUSED_FUNCTION = YES;
				GCC_WARN_UNUSED_VARIABLE = YES;
				MACOSX_DEPLOYMENT_TARGET = 10.11;
				MTL_ENABLE_DEBUG_INFO = YES;
				ONLY_ACTIVE_ARCH = YES;
				SDKROOT = macosx;
			};
			name = Debug;
		};
		169BED181D2520D500C5B24C /* Release */ = {
			isa = XCBuildConfiguration;
			buildSettings = {
				ALWAYS_SEARCH_USER_PATHS = NO;
				CLANG_ANALYZER_NONNULL = YES;
				CLANG_CXX_LANGUAGE_STANDARD = "gnu++0x";
				CLANG_CXX_LIBRARY = "libc++";
				CLANG_ENABLE_MODULES = YES;
				CLANG_ENABLE_OBJC_ARC = YES;
				CLANG_WARN_BOOL_CONVERSION = YES;
				CLANG_WARN_CONSTANT_CONVERSION = YES;
				CLANG_WARN_DIRECT_OBJC_ISA_USAGE = YES_ERROR;
				CLANG_WARN_EMPTY_BODY = YES;
				CLANG_WARN_ENUM_CONVERSION = YES;
				CLANG_WARN_INT_CONVERSION = YES;
				CLANG_WARN_OBJC_ROOT_CLASS = YES_ERROR;
				CLANG_WARN_UNREACHABLE_CODE = YES;
				CLANG_WARN__DUPLICATE_METHOD_MATCH = YES;
				CODE_SIGN_IDENTITY = "-";
				COPY_PHASE_STRIP = NO;
				DEBUG_INFORMATION_FORMAT = "dwarf-with-dsym";
				ENABLE_NS_ASSERTIONS = NO;
				ENABLE_STRICT_OBJC_MSGSEND = YES;
				GCC_C_LANGUAGE_STANDARD = gnu99;
				GCC_NO_COMMON_BLOCKS = YES;
				GCC_WARN_64_TO_32_BIT_CONVERSION = YES;
				GCC_WARN_ABOUT_RETURN_TYPE = YES_ERROR;
				GCC_WARN_UNDECLARED_SELECTOR = YES;
				GCC_WARN_UNINITIALIZED_AUTOS = YES_AGGRESSIVE;
				GCC_WARN_UNUSED_FUNCTION = YES;
				GCC_WARN_UNUSED_VARIABLE = YES;
				MACOSX_DEPLOYMENT_TARGET = 10.11;
				MTL_ENABLE_DEBUG_INFO = NO;
				SDKROOT = macosx;
			};
			name = Release;
		};
		169BED1A1D2520D500C5B24C /* Debug */ = {
			isa = XCBuildConfiguration;
			buildSettings = {
				PRODUCT_NAME = "$(TARGET_NAME)";
			};
			name = Debug;
		};
		169BED1B1D2520D500C5B24C /* Release */ = {
			isa = XCBuildConfiguration;
			buildSettings = {
				PRODUCT_NAME = "$(TARGET_NAME)";
			};
			name = Release;
		};
/* End XCBuildConfiguration section */

/* Begin XCConfigurationList section */
		169BED0D1D2520D500C5B24C /* Build configuration list for PBXProject "斐波那契数列" */ = {
			isa = XCConfigurationList;
			buildConfigurations = (
				169BED171D2520D500C5B24C /* Debug */,
				169BED181D2520D500C5B24C /* Release */,
			);
			defaultConfigurationIsVisible = 0;
			defaultConfigurationName = Release;
		};
		169BED191D2520D500C5B24C /* Build configuration list for PBXNativeTarget "斐波那契数列" */ = {
			isa = XCConfigurationList;
			buildConfigurations = (
				169BED1A1D2520D500C5B24C /* Debug */,
				169BED1B1D2520D500C5B24C /* Release */,
			);
			defaultConfigurationIsVisible = 0;
		};
/* End XCConfigurationList section */
	};
	rootObject = 169BED0A1D2520D500C5B24C /* Project object */;
}
