// !$*UTF8*$!
{
	archiveVersion = 1;
	classes = {
	};
	objectVersion = 46;
	objects = {

/* Begin PBXBuildFile section */
		168174681D32152C0028D08C /* main.cpp in Sources */ = {isa = PBXBuildFile; fileRef = 168174631D32152C0028D08C /* main.cpp */; };
		168174691D32152C0028D08C /* solution.cpp in Sources */ = {isa = PBXBuildFile; fileRef = 168174641D32152C0028D08C /* solution.cpp */; };
		1681746A1D32152C0028D08C /* stack.cpp in Sources */ = {isa = PBXBuildFile; fileRef = 168174661D32152C0028D08C /* stack.cpp */; };
/* End PBXBuildFile section */

/* Begin PBXCopyFilesBuildPhase section */
		168174571D3214F70028D08C /* CopyFiles */ = {
			isa = PBXCopyFilesBuildPhase;
			buildActionMask = 2147483647;
			dstPath = /usr/share/man/man1/;
			dstSubfolderSpec = 0;
			files = (
			);
			runOnlyForDeploymentPostprocessing = 1;
		};
/* End PBXCopyFilesBuildPhase section */

/* Begin PBXFileReference section */
		168174591D3214F70028D08C /* 栈的压入_弹出序列 */ = {isa = PBXFileReference; explicitFileType = "compiled.mach-o.executable"; includeInIndex = 0; path = "栈的压入_弹出序列"; sourceTree = BUILT_PRODUCTS_DIR; };
		168174631D32152C0028D08C /* main.cpp */ = {isa = PBXFileReference; fileEncoding = 4; lastKnownFileType = sourcecode.cpp.cpp; path = main.cpp; sourceTree = "<group>"; };
		168174641D32152C0028D08C /* solution.cpp */ = {isa = PBXFileReference; fileEncoding = 4; lastKnownFileType = sourcecode.cpp.cpp; path = solution.cpp; sourceTree = "<group>"; };
		168174651D32152C0028D08C /* solution.hpp */ = {isa = PBXFileReference; fileEncoding = 4; lastKnownFileType = sourcecode.cpp.h; path = solution.hpp; sourceTree = "<group>"; };
		168174661D32152C0028D08C /* stack.cpp */ = {isa = PBXFileReference; fileEncoding = 4; lastKnownFileType = sourcecode.cpp.cpp; path = stack.cpp; sourceTree = "<group>"; };
		168174671D32152C0028D08C /* stack.hpp */ = {isa = PBXFileReference; fileEncoding = 4; lastKnownFileType = sourcecode.cpp.h; path = stack.hpp; sourceTree = "<group>"; };
/* End PBXFileReference section */

/* Begin PBXFrameworksBuildPhase section */
		168174561D3214F70028D08C /* Frameworks */ = {
			isa = PBXFrameworksBuildPhase;
			buildActionMask = 2147483647;
			files = (
			);
			runOnlyForDeploymentPostprocessing = 0;
		};
/* End PBXFrameworksBuildPhase section */

/* Begin PBXGroup section */
		168174501D3214F70028D08C = {
			isa = PBXGroup;
			children = (
				1681745B1D3214F70028D08C /* 栈的压入_弹出序列 */,
				1681745A1D3214F70028D08C /* Products */,
			);
			sourceTree = "<group>";
		};
		1681745A1D3214F70028D08C /* Products */ = {
			isa = PBXGroup;
			children = (
				168174591D3214F70028D08C /* 栈的压入_弹出序列 */,
			);
			name = Products;
			sourceTree = "<group>";
		};
		1681745B1D3214F70028D08C /* 栈的压入_弹出序列 */ = {
			isa = PBXGroup;
			children = (
				168174631D32152C0028D08C /* main.cpp */,
				168174641D32152C0028D08C /* solution.cpp */,
				168174651D32152C0028D08C /* solution.hpp */,
				168174661D32152C0028D08C /* stack.cpp */,
				168174671D32152C0028D08C /* stack.hpp */,
			);
			path = "栈的压入_弹出序列";
			sourceTree = "<group>";
		};
/* End PBXGroup section */

/* Begin PBXNativeTarget section */
		168174581D3214F70028D08C /* 栈的压入_弹出序列 */ = {
			isa = PBXNativeTarget;
			buildConfigurationList = 168174601D3214F70028D08C /* Build configuration list for PBXNativeTarget "栈的压入_弹出序列" */;
			buildPhases = (
				168174551D3214F70028D08C /* Sources */,
				168174561D3214F70028D08C /* Frameworks */,
				168174571D3214F70028D08C /* CopyFiles */,
			);
			buildRules = (
			);
			dependencies = (
			);
			name = "栈的压入_弹出序列";
			productName = "栈的压入_弹出序列";
			productReference = 168174591D3214F70028D08C /* 栈的压入_弹出序列 */;
			productType = "com.apple.product-type.tool";
		};
/* End PBXNativeTarget section */

/* Begin PBXProject section */
		168174511D3214F70028D08C /* Project object */ = {
			isa = PBXProject;
			attributes = {
				LastUpgradeCheck = 0730;
				ORGANIZATIONNAME = JacobLan;
				TargetAttributes = {
					168174581D3214F70028D08C = {
						CreatedOnToolsVersion = 7.3.1;
					};
				};
			};
			buildConfigurationList = 168174541D3214F70028D08C /* Build configuration list for PBXProject "栈的压入_弹出序列" */;
			compatibilityVersion = "Xcode 3.2";
			developmentRegion = English;
			hasScannedForEncodings = 0;
			knownRegions = (
				en,
			);
			mainGroup = 168174501D3214F70028D08C;
			productRefGroup = 1681745A1D3214F70028D08C /* Products */;
			projectDirPath = "";
			projectRoot = "";
			targets = (
				168174581D3214F70028D08C /* 栈的压入_弹出序列 */,
			);
		};
/* End PBXProject section */

/* Begin PBXSourcesBuildPhase section */
		168174551D3214F70028D08C /* Sources */ = {
			isa = PBXSourcesBuildPhase;
			buildActionMask = 2147483647;
			files = (
				168174691D32152C0028D08C /* solution.cpp in Sources */,
				1681746A1D32152C0028D08C /* stack.cpp in Sources */,
				168174681D32152C0028D08C /* main.cpp in Sources */,
			);
			runOnlyForDeploymentPostprocessing = 0;
		};
/* End PBXSourcesBuildPhase section */

/* Begin XCBuildConfiguration section */
		1681745E1D3214F70028D08C /* Debug */ = {
			isa = XCBuildConfiguration;
			buildSettings = {
				ALWAYS_SEARCH_USER_PATHS = NO;
				CLANG_ANALYZER_NONNULL = YES;
				CLANG_CXX_LANGUAGE_STANDARD = "gnu++0x";
				CLANG_CXX_LIBRARY = "libc++";
				CLANG_ENABLE_MODULES = YES;
				CLANG_ENABLE_OBJC_ARC = YES;
				CLANG_WARN_BOOL_CONVERSION = YES;
				CLANG_WARN_CONSTANT_CONVERSION = YES;
				CLANG_WARN_DIRECT_OBJC_ISA_USAGE = YES_ERROR;
				CLANG_WARN_EMPTY_BODY = YES;
				CLANG_WARN_ENUM_CONVERSION = YES;
				CLANG_WARN_INT_CONVERSION = YES;
				CLANG_WARN_OBJC_ROOT_CLASS = YES_ERROR;
				CLANG_WARN_UNREACHABLE_CODE = YES;
				CLANG_WARN__DUPLICATE_METHOD_MATCH = YES;
				CODE_SIGN_IDENTITY = "-";
				COPY_PHASE_STRIP = NO;
				DEBUG_INFORMATION_FORMAT = dwarf;
				ENABLE_STRICT_OBJC_MSGSEND = YES;
				ENABLE_TESTABILITY = YES;
				GCC_C_LANGUAGE_STANDARD = gnu99;
				GCC_DYNAMIC_NO_PIC = NO;
				GCC_NO_COMMON_BLOCKS = YES;
				GCC_OPTIMIZATION_LEVEL = 0;
				GCC_PREPROCESSOR_DEFINITIONS = (
					"DEBUG=1",
					"$(inherited)",
				);
				GCC_WARN_64_TO_32_BIT_CONVERSION = YES;
				GCC_WARN_ABOUT_RETURN_TYPE = YES_ERROR;
				GCC_WARN_UNDECLARED_SELECTOR = YES;
				GCC_WARN_UNINITIALIZED_AUTOS = YES_AGGRESSIVE;
				GCC_WARN_UNUSED_FUNCTION = YES;
				GCC_WARN_UNUSED_VARIABLE = YES;
				MACOSX_DEPLOYMENT_TARGET = 10.11;
				MTL_ENABLE_DEBUG_INFO = YES;
				ONLY_ACTIVE_ARCH = YES;
				SDKROOT = macosx;
			};
			name = Debug;
		};
		1681745F1D3214F70028D08C /* Release */ = {
			isa = XCBuildConfiguration;
			buildSettings = {
				ALWAYS_SEARCH_USER_PATHS = NO;
				CLANG_ANALYZER_NONNULL = YES;
				CLANG_CXX_LANGUAGE_STANDARD = "gnu++0x";
				CLANG_CXX_LIBRARY = "libc++";
				CLANG_ENABLE_MODULES = YES;
				CLANG_ENABLE_OBJC_ARC = YES;
				CLANG_WARN_BOOL_CONVERSION = YES;
				CLANG_WARN_CONSTANT_CONVERSION = YES;
				CLANG_WARN_DIRECT_OBJC_ISA_USAGE = YES_ERROR;
				CLANG_WARN_EMPTY_BODY = YES;
				CLANG_WARN_ENUM_CONVERSION = YES;
				CLANG_WARN_INT_CONVERSION = YES;
				CLANG_WARN_OBJC_ROOT_CLASS = YES_ERROR;
				CLANG_WARN_UNREACHABLE_CODE = YES;
				CLANG_WARN__DUPLICATE_METHOD_MATCH = YES;
				CODE_SIGN_IDENTITY = "-";
				COPY_PHASE_STRIP = NO;
				DEBUG_INFORMATION_FORMAT = "dwarf-with-dsym";
				ENABLE_NS_ASSERTIONS = NO;
				ENABLE_STRICT_OBJC_MSGSEND = YES;
				GCC_C_LANGUAGE_STANDARD = gnu99;
				GCC_NO_COMMON_BLOCKS = YES;
				GCC_WARN_64_TO_32_BIT_CONVERSION = YES;
				GCC_WARN_ABOUT_RETURN_TYPE = YES_ERROR;
				GCC_WARN_UNDECLARED_SELECTOR = YES;
				GCC_WARN_UNINITIALIZED_AUTOS = YES_AGGRESSIVE;
				GCC_WARN_UNUSED_FUNCTION = YES;
				GCC_WARN_UNUSED_VARIABLE = YES;
				MACOSX_DEPLOYMENT_TARGET = 10.11;
				MTL_ENABLE_DEBUG_INFO = NO;
				SDKROOT = macosx;
			};
			name = Release;
		};
		168174611D3214F70028D08C /* Debug */ = {
			isa = XCBuildConfiguration;
			buildSettings = {
				PRODUCT_NAME = "$(TARGET_NAME)";
			};
			name = Debug;
		};
		168174621D3214F70028D08C /* Release */ = {
			isa = XCBuildConfiguration;
			buildSettings = {
				PRODUCT_NAME = "$(TARGET_NAME)";
			};
			name = Release;
		};
/* End XCBuildConfiguration section */

/* Begin XCConfigurationList section */
		168174541D3214F70028D08C /* Build configuration list for PBXProject "栈的压入_弹出序列" */ = {
			isa = XCConfigurationList;
			buildConfigurations = (
				1681745E1D3214F70028D08C /* Debug */,
				1681745F1D3214F70028D08C /* Release */,
			);
			defaultConfigurationIsVisible = 0;
			defaultConfigurationName = Release;
		};
		168174601D3214F70028D08C /* Build configuration list for PBXNativeTarget "栈的压入_弹出序列" */ = {
			isa = XCConfigurationList;
			buildConfigurations = (
				168174611D3214F70028D08C /* Debug */,
				168174621D3214F70028D08C /* Release */,
			);
			defaultConfigurationIsVisible = 0;
			defaultConfigurationName = Release;
		};
/* End XCConfigurationList section */
	};
	rootObject = 168174511D3214F70028D08C /* Project object */;
}
