// !$*UTF8*$!
{
	archiveVersion = 1;
	classes = {
	};
	objectVersion = 46;
	objects = {

/* Begin PBXBuildFile section */
		169C87E31D2E337B006B4317 /* main.cpp in Sources */ = {isa = PBXBuildFile; fileRef = 169C87E21D2E337B006B4317 /* main.cpp */; };
		169C87EB1D2E3418006B4317 /* link_list.cpp in Sources */ = {isa = PBXBuildFile; fileRef = 169C87E91D2E3418006B4317 /* link_list.cpp */; };
/* End PBXBuildFile section */

/* Begin PBXCopyFilesBuildPhase section */
		169C87DD1D2E337B006B4317 /* CopyFiles */ = {
			isa = PBXCopyFilesBuildPhase;
			buildActionMask = 2147483647;
			dstPath = /usr/share/man/man1/;
			dstSubfolderSpec = 0;
			files = (
			);
			runOnlyForDeploymentPostprocessing = 1;
		};
/* End PBXCopyFilesBuildPhase section */

/* Begin PBXFileReference section */
		169C87DF1D2E337B006B4317 /* 链表中倒数第k个结点 */ = {isa = PBXFileReference; explicitFileType = "compiled.mach-o.executable"; includeInIndex = 0; path = "链表中倒数第k个结点"; sourceTree = BUILT_PRODUCTS_DIR; };
		169C87E21D2E337B006B4317 /* main.cpp */ = {isa = PBXFileReference; lastKnownFileType = sourcecode.cpp.cpp; path = main.cpp; sourceTree = "<group>"; };
		169C87E91D2E3418006B4317 /* link_list.cpp */ = {isa = PBXFileReference; fileEncoding = 4; lastKnownFileType = sourcecode.cpp.cpp; path = link_list.cpp; sourceTree = "<group>"; };
		169C87EA1D2E3418006B4317 /* link_list.hpp */ = {isa = PBXFileReference; fileEncoding = 4; lastKnownFileType = sourcecode.cpp.h; path = link_list.hpp; sourceTree = "<group>"; };
/* End PBXFileReference section */

/* Begin PBXFrameworksBuildPhase section */
		169C87DC1D2E337B006B4317 /* Frameworks */ = {
			isa = PBXFrameworksBuildPhase;
			buildActionMask = 2147483647;
			files = (
			);
			runOnlyForDeploymentPostprocessing = 0;
		};
/* End PBXFrameworksBuildPhase section */

/* Begin PBXGroup section */
		169C87D61D2E337B006B4317 = {
			isa = PBXGroup;
			children = (
				169C87E11D2E337B006B4317 /* 链表中倒数第k个结点 */,
				169C87E01D2E337B006B4317 /* Products */,
			);
			sourceTree = "<group>";
		};
		169C87E01D2E337B006B4317 /* Products */ = {
			isa = PBXGroup;
			children = (
				169C87DF1D2E337B006B4317 /* 链表中倒数第k个结点 */,
			);
			name = Products;
			sourceTree = "<group>";
		};
		169C87E11D2E337B006B4317 /* 链表中倒数第k个结点 */ = {
			isa = PBXGroup;
			children = (
				169C87E21D2E337B006B4317 /* main.cpp */,
				169C87E91D2E3418006B4317 /* link_list.cpp */,
				169C87EA1D2E3418006B4317 /* link_list.hpp */,
			);
			path = "链表中倒数第k个结点";
			sourceTree = "<group>";
		};
/* End PBXGroup section */

/* Begin PBXNativeTarget section */
		169C87DE1D2E337B006B4317 /* 链表中倒数第k个结点 */ = {
			isa = PBXNativeTarget;
			buildConfigurationList = 169C87E61D2E337B006B4317 /* Build configuration list for PBXNativeTarget "链表中倒数第k个结点" */;
			buildPhases = (
				169C87DB1D2E337B006B4317 /* Sources */,
				169C87DC1D2E337B006B4317 /* Frameworks */,
				169C87DD1D2E337B006B4317 /* CopyFiles */,
			);
			buildRules = (
			);
			dependencies = (
			);
			name = "链表中倒数第k个结点";
			productName = "链表中倒数第k个结点";
			productReference = 169C87DF1D2E337B006B4317 /* 链表中倒数第k个结点 */;
			productType = "com.apple.product-type.tool";
		};
/* End PBXNativeTarget section */

/* Begin PBXProject section */
		169C87D71D2E337B006B4317 /* Project object */ = {
			isa = PBXProject;
			attributes = {
				LastUpgradeCheck = 0730;
				ORGANIZATIONNAME = JacobLan;
				TargetAttributes = {
					169C87DE1D2E337B006B4317 = {
						CreatedOnToolsVersion = 7.3.1;
					};
				};
			};
			buildConfigurationList = 169C87DA1D2E337B006B4317 /* Build configuration list for PBXProject "链表中倒数第k个结点" */;
			compatibilityVersion = "Xcode 3.2";
			developmentRegion = English;
			hasScannedForEncodings = 0;
			knownRegions = (
				en,
			);
			mainGroup = 169C87D61D2E337B006B4317;
			productRefGroup = 169C87E01D2E337B006B4317 /* Products */;
			projectDirPath = "";
			projectRoot = "";
			targets = (
				169C87DE1D2E337B006B4317 /* 链表中倒数第k个结点 */,
			);
		};
/* End PBXProject section */

/* Begin PBXSourcesBuildPhase section */
		169C87DB1D2E337B006B4317 /* Sources */ = {
			isa = PBXSourcesBuildPhase;
			buildActionMask = 2147483647;
			files = (
				169C87E31D2E337B006B4317 /* main.cpp in Sources */,
				169C87EB1D2E3418006B4317 /* link_list.cpp in Sources */,
			);
			runOnlyForDeploymentPostprocessing = 0;
		};
/* End PBXSourcesBuildPhase section */

/* Begin XCBuildConfiguration section */
		169C87E41D2E337B006B4317 /* Debug */ = {
			isa = XCBuildConfiguration;
			buildSettings = {
				ALWAYS_SEARCH_USER_PATHS = NO;
				CLANG_ANALYZER_NONNULL = YES;
				CLANG_CXX_LANGUAGE_STANDARD = "gnu++0x";
				CLANG_CXX_LIBRARY = "libc++";
				CLANG_ENABLE_MODULES = YES;
				CLANG_ENABLE_OBJC_ARC = YES;
				CLANG_WARN_BOOL_CONVERSION = YES;
				CLANG_WARN_CONSTANT_CONVERSION = YES;
				CLANG_WARN_DIRECT_OBJC_ISA_USAGE = YES_ERROR;
				CLANG_WARN_EMPTY_BODY = YES;
				CLANG_WARN_ENUM_CONVERSION = YES;
				CLANG_WARN_INT_CONVERSION = YES;
				CLANG_WARN_OBJC_ROOT_CLASS = YES_ERROR;
				CLANG_WARN_UNREACHABLE_CODE = YES;
				CLANG_WARN__DUPLICATE_METHOD_MATCH = YES;
				CODE_SIGN_IDENTITY = "-";
				COPY_PHASE_STRIP = NO;
				DEBUG_INFORMATION_FORMAT = dwarf;
				ENABLE_STRICT_OBJC_MSGSEND = YES;
				ENABLE_TESTABILITY = YES;
				GCC_C_LANGUAGE_STANDARD = gnu99;
				GCC_DYNAMIC_NO_PIC = NO;
				GCC_NO_COMMON_BLOCKS = YES;
				GCC_OPTIMIZATION_LEVEL = 0;
				GCC_PREPROCESSOR_DEFINITIONS = (
					"DEBUG=1",
					"$(inherited)",
				);
				GCC_WARN_64_TO_32_BIT_CONVERSION = YES;
				GCC_WARN_ABOUT_RETURN_TYPE = YES_ERROR;
				GCC_WARN_UNDECLARED_SELECTOR = YES;
				GCC_WARN_UNINITIALIZED_AUTOS = YES_AGGRESSIVE;
				GCC_WARN_UNUSED_FUNCTION = YES;
				GCC_WARN_UNUSED_VARIABLE = YES;
				MACOSX_DEPLOYMENT_TARGET = 10.11;
				MTL_ENABLE_DEBUG_INFO = YES;
				ONLY_ACTIVE_ARCH = YES;
				SDKROOT = macosx;
			};
			name = Debug;
		};
		169C87E51D2E337B006B4317 /* Release */ = {
			isa = XCBuildConfiguration;
			buildSettings = {
				ALWAYS_SEARCH_USER_PATHS = NO;
				CLANG_ANALYZER_NONNULL = YES;
				CLANG_CXX_LANGUAGE_STANDARD = "gnu++0x";
				CLANG_CXX_LIBRARY = "libc++";
				CLANG_ENABLE_MODULES = YES;
				CLANG_ENABLE_OBJC_ARC = YES;
				CLANG_WARN_BOOL_CONVERSION = YES;
				CLANG_WARN_CONSTANT_CONVERSION = YES;
				CLANG_WARN_DIRECT_OBJC_ISA_USAGE = YES_ERROR;
				CLANG_WARN_EMPTY_BODY = YES;
				CLANG_WARN_ENUM_CONVERSION = YES;
				CLANG_WARN_INT_CONVERSION = YES;
				CLANG_WARN_OBJC_ROOT_CLASS = YES_ERROR;
				CLANG_WARN_UNREACHABLE_CODE = YES;
				CLANG_WARN__DUPLICATE_METHOD_MATCH = YES;
				CODE_SIGN_IDENTITY = "-";
				COPY_PHASE_STRIP = NO;
				DEBUG_INFORMATION_FORMAT = "dwarf-with-dsym";
				ENABLE_NS_ASSERTIONS = NO;
				ENABLE_STRICT_OBJC_MSGSEND = YES;
				GCC_C_LANGUAGE_STANDARD = gnu99;
				GCC_NO_COMMON_BLOCKS = YES;
				GCC_WARN_64_TO_32_BIT_CONVERSION = YES;
				GCC_WARN_ABOUT_RETURN_TYPE = YES_ERROR;
				GCC_WARN_UNDECLARED_SELECTOR = YES;
				GCC_WARN_UNINITIALIZED_AUTOS = YES_AGGRESSIVE;
				GCC_WARN_UNUSED_FUNCTION = YES;
				GCC_WARN_UNUSED_VARIABLE = YES;
				MACOSX_DEPLOYMENT_TARGET = 10.11;
				MTL_ENABLE_DEBUG_INFO = NO;
				SDKROOT = macosx;
			};
			name = Release;
		};
		169C87E71D2E337B006B4317 /* Debug */ = {
			isa = XCBuildConfiguration;
			buildSettings = {
				PRODUCT_NAME = "$(TARGET_NAME)";
			};
			name = Debug;
		};
		169C87E81D2E337B006B4317 /* Release */ = {
			isa = XCBuildConfiguration;
			buildSettings = {
				PRODUCT_NAME = "$(TARGET_NAME)";
			};
			name = Release;
		};
/* End XCBuildConfiguration section */

/* Begin XCConfigurationList section */
		169C87DA1D2E337B006B4317 /* Build configuration list for PBXProject "链表中倒数第k个结点" */ = {
			isa = XCConfigurationList;
			buildConfigurations = (
				169C87E41D2E337B006B4317 /* Debug */,
				169C87E51D2E337B006B4317 /* Release */,
			);
			defaultConfigurationIsVisible = 0;
			defaultConfigurationName = Release;
		};
		169C87E61D2E337B006B4317 /* Build configuration list for PBXNativeTarget "链表中倒数第k个结点" */ = {
			isa = XCConfigurationList;
			buildConfigurations = (
				169C87E71D2E337B006B4317 /* Debug */,
				169C87E81D2E337B006B4317 /* Release */,
			);
			defaultConfigurationIsVisible = 0;
		};
/* End XCConfigurationList section */
	};
	rootObject = 169C87D71D2E337B006B4317 /* Project object */;
}
